
Microsoft Visual Studio Solution File, Format Version 12.00
# Visual Studio Version 18
VisualStudioVersion = 18.0.11205.157
MinimumVisualStudioVersion = 10.0.40219.1
Project("{8BC9CEB8-8B4A-11D0-8D11-00A0C91BC942}") = "CWebBrowser", "Client\Source\CWebBrowser\CWebBrowser.vcxproj", "{2E953487-E73A-4C43-A9B6-174AB7B9A7E2}"
EndProject
Project("{8BC9CEB8-8B4A-11D0-8D11-00A0C91BC942}") = "EffectLib", "Client\Source\EffectLib\EffectLib.vcxproj", "{7F1EC9EC-35DA-4332-A339-B68E3C95976F}"
EndProject
Project("{8BC9CEB8-8B4A-11D0-8D11-00A0C91BC942}") = "EterBase", "Client\Source\EterBase\EterBase.vcxproj", "{D8C71073-CDC3-4AB1-A84A-5829F28BFF56}"
EndProject
Project("{8BC9CEB8-8B4A-11D0-8D11-00A0C91BC942}") = "EterGrnLib", "Client\Source\EterGrnLib\EterGrnLib.vcxproj", "{935F7B65-3574-41C4-B4F9-1C2EC950463A}"
EndProject
Project("{8BC9CEB8-8B4A-11D0-8D11-00A0C91BC942}") = "EterImageLib", "Client\Source\EterImageLib\EterImageLib.vcxproj", "{3AA4BFA3-DF0E-42B9-A82C-E1BE16139AF3}"
EndProject
Project("{8BC9CEB8-8B4A-11D0-8D11-00A0C91BC942}") = "EterLib", "Client\Source\EterLib\EterLib.vcxproj", "{634437B1-4B3B-48C5-9220-619FB4D8F99B}"
EndProject
Project("{8BC9CEB8-8B4A-11D0-8D11-00A0C91BC942}") = "EterLocale", "Client\Source\EterLocale\EterLocale.vcxproj", "{08E76C01-D25C-4684-911C-876A33F27CE1}"
EndProject
Project("{8BC9CEB8-8B4A-11D0-8D11-00A0C91BC942}") = "EterPack", "Client\Source\EterPack\EterPack.vcxproj", "{EEAB8CB2-0891-4579-905E-B37A5F04F1D1}"
EndProject
Project("{8BC9CEB8-8B4A-11D0-8D11-00A0C91BC942}") = "EterPythonLib", "Client\Source\EterPythonLib\EterPythonLib.vcxproj", "{396764A4-9226-4F33-930F-E577A3BF51D4}"
EndProject
Project("{8BC9CEB8-8B4A-11D0-8D11-00A0C91BC942}") = "GameLib", "Client\Source\GameLib\GameLib.vcxproj", "{0C8DEF2C-F22D-4AD8-9D59-3147604C6B22}"
EndProject
Project("{8BC9CEB8-8B4A-11D0-8D11-00A0C91BC942}") = "MilesLib", "Client\Source\MilesLib\MilesLib.vcxproj", "{FE2F4549-76C4-4448-88D7-67D8CAF477D2}"
EndProject
Project("{8BC9CEB8-8B4A-11D0-8D11-00A0C91BC942}") = "TerrainLib", "Client\Source\TerrainLib\TerrainLib.vcxproj", "{A1ED61AC-6324-43B1-BC9B-548208D625CF}"
EndProject
Project("{8BC9CEB8-8B4A-11D0-8D11-00A0C91BC942}") = "ScriptLib", "Client\Source\ScriptLib\ScriptLib.vcxproj", "{2084D43E-5FEE-4540-8EC9-8B159AD9D765}"
EndProject
Project("{8BC9CEB8-8B4A-11D0-8D11-00A0C91BC942}") = "SpeedTreeLib", "Client\Source\SpeedTreeLib\SpeedTreeLib.vcxproj", "{602EF21F-918B-4678-85AE-44CCF1561DB8}"
EndProject
Project("{8BC9CEB8-8B4A-11D0-8D11-00A0C91BC942}") = "SphereLib", "Client\Source\SphereLib\SphereLib.vcxproj", "{B1F24BAE-61E8-41E9-B2BB-A6905E5D64FD}"
EndProject
Project("{8BC9CEB8-8B4A-11D0-8D11-00A0C91BC942}") = "UserInterface", "Client\Source\UserInterface\UserInterface.vcxproj", "{E0DC3917-08C3-4F15-A7E7-6CB395EC83F0}"
EndProject
Project("{8BC9CEB8-8B4A-11D0-8D11-00A0C91BC942}") = "Discord", "Client\Source\Discord\Discord.vcxproj", "{034F4297-9DF7-47E8-83C3-89DF19A09E4A}"
EndProject
Project("{8BC9CEB8-8B4A-11D0-8D11-00A0C91BC942}") = "PackMaker", "Client\Source\PackMaker\Metin2PackMaker.vcxproj", "{B7867A3F-5825-4490-8E41-D7586EF505E1}"
EndProject
Project("{8BC9CEB8-8B4A-11D0-8D11-00A0C91BC942}") = "WorldEditor", "Client\Source\WorldEditor\WorldEditor.vcxproj", "{C99B72F9-E6B7-4445-A3DC-43B95C0D2AF2}"
	ProjectSection(ProjectDependencies) = postProject
		{0C8DEF2C-F22D-4AD8-9D59-3147604C6B22} = {0C8DEF2C-F22D-4AD8-9D59-3147604C6B22}
		{2084D43E-5FEE-4540-8EC9-8B159AD9D765} = {2084D43E-5FEE-4540-8EC9-8B159AD9D765}
		{3AA4BFA3-DF0E-42B9-A82C-E1BE16139AF3} = {3AA4BFA3-DF0E-42B9-A82C-E1BE16139AF3}
		{602EF21F-918B-4678-85AE-44CCF1561DB8} = {602EF21F-918B-4678-85AE-44CCF1561DB8}
		{634437B1-4B3B-48C5-9220-619FB4D8F99B} = {634437B1-4B3B-48C5-9220-619FB4D8F99B}
		{7F1EC9EC-35DA-4332-A339-B68E3C95976F} = {7F1EC9EC-35DA-4332-A339-B68E3C95976F}
		{935F7B65-3574-41C4-B4F9-1C2EC950463A} = {935F7B65-3574-41C4-B4F9-1C2EC950463A}
		{A1ED61AC-6324-43B1-BC9B-548208D625CF} = {A1ED61AC-6324-43B1-BC9B-548208D625CF}
		{B1F24BAE-61E8-41E9-B2BB-A6905E5D64FD} = {B1F24BAE-61E8-41E9-B2BB-A6905E5D64FD}
		{D8C71073-CDC3-4AB1-A84A-5829F28BFF56} = {D8C71073-CDC3-4AB1-A84A-5829F28BFF56}
		{EEAB8CB2-0891-4579-905E-B37A5F04F1D1} = {EEAB8CB2-0891-4579-905E-B37A5F04F1D1}
		{FE2F4549-76C4-4448-88D7-67D8CAF477D2} = {FE2F4549-76C4-4448-88D7-67D8CAF477D2}
	EndProjectSection
EndProject
Global
	GlobalSection(SolutionConfigurationPlatforms) = preSolution
		CL-Debug|Win32 = CL-Debug|Win32
		CL-Distribute|Win32 = CL-Distribute|Win32
		CL-Release|Win32 = CL-Release|Win32
		WE-Debug|Win32 = WE-Debug|Win32
		WE-Release|Win32 = WE-Release|Win32
	EndGlobalSection
	GlobalSection(ProjectConfigurationPlatforms) = postSolution
		{2E953487-E73A-4C43-A9B6-174AB7B9A7E2}.CL-Debug|Win32.ActiveCfg = Debug|Win32
		{2E953487-E73A-4C43-A9B6-174AB7B9A7E2}.CL-Debug|Win32.Build.0 = Debug|Win32
		{2E953487-E73A-4C43-A9B6-174AB7B9A7E2}.CL-Distribute|Win32.ActiveCfg = Distribute|Win32
		{2E953487-E73A-4C43-A9B6-174AB7B9A7E2}.CL-Distribute|Win32.Build.0 = Distribute|Win32
		{2E953487-E73A-4C43-A9B6-174AB7B9A7E2}.CL-Release|Win32.ActiveCfg = Release|Win32
		{2E953487-E73A-4C43-A9B6-174AB7B9A7E2}.CL-Release|Win32.Build.0 = Release|Win32
		{2E953487-E73A-4C43-A9B6-174AB7B9A7E2}.WE-Debug|Win32.ActiveCfg = Debug|Win32
		{2E953487-E73A-4C43-A9B6-174AB7B9A7E2}.WE-Release|Win32.ActiveCfg = Release|Win32
		{7F1EC9EC-35DA-4332-A339-B68E3C95976F}.CL-Debug|Win32.ActiveCfg = Debug|Win32
		{7F1EC9EC-35DA-4332-A339-B68E3C95976F}.CL-Debug|Win32.Build.0 = Debug|Win32
		{7F1EC9EC-35DA-4332-A339-B68E3C95976F}.CL-Distribute|Win32.ActiveCfg = Distribute|Win32
		{7F1EC9EC-35DA-4332-A339-B68E3C95976F}.CL-Distribute|Win32.Build.0 = Distribute|Win32
		{7F1EC9EC-35DA-4332-A339-B68E3C95976F}.CL-Release|Win32.ActiveCfg = Release|Win32
		{7F1EC9EC-35DA-4332-A339-B68E3C95976F}.CL-Release|Win32.Build.0 = Release|Win32
		{7F1EC9EC-35DA-4332-A339-B68E3C95976F}.WE-Debug|Win32.ActiveCfg = Debug-WE|Win32
		{7F1EC9EC-35DA-4332-A339-B68E3C95976F}.WE-Debug|Win32.Build.0 = Debug-WE|Win32
		{7F1EC9EC-35DA-4332-A339-B68E3C95976F}.WE-Release|Win32.ActiveCfg = Release-WE|Win32
		{7F1EC9EC-35DA-4332-A339-B68E3C95976F}.WE-Release|Win32.Build.0 = Release-WE|Win32
		{D8C71073-CDC3-4AB1-A84A-5829F28BFF56}.CL-Debug|Win32.ActiveCfg = Debug|Win32
		{D8C71073-CDC3-4AB1-A84A-5829F28BFF56}.CL-Debug|Win32.Build.0 = Debug|Win32
		{D8C71073-CDC3-4AB1-A84A-5829F28BFF56}.CL-Distribute|Win32.ActiveCfg = Distribute|Win32
		{D8C71073-CDC3-4AB1-A84A-5829F28BFF56}.CL-Distribute|Win32.Build.0 = Distribute|Win32
		{D8C71073-CDC3-4AB1-A84A-5829F28BFF56}.CL-Release|Win32.ActiveCfg = Release|Win32
		{D8C71073-CDC3-4AB1-A84A-5829F28BFF56}.CL-Release|Win32.Build.0 = Release|Win32
		{D8C71073-CDC3-4AB1-A84A-5829F28BFF56}.WE-Debug|Win32.ActiveCfg = Debug|Win32
		{D8C71073-CDC3-4AB1-A84A-5829F28BFF56}.WE-Debug|Win32.Build.0 = Debug|Win32
		{D8C71073-CDC3-4AB1-A84A-5829F28BFF56}.WE-Release|Win32.ActiveCfg = Release|Win32
		{D8C71073-CDC3-4AB1-A84A-5829F28BFF56}.WE-Release|Win32.Build.0 = Release|Win32
		{935F7B65-3574-41C4-B4F9-1C2EC950463A}.CL-Debug|Win32.ActiveCfg = Debug|Win32
		{935F7B65-3574-41C4-B4F9-1C2EC950463A}.CL-Debug|Win32.Build.0 = Debug|Win32
		{935F7B65-3574-41C4-B4F9-1C2EC950463A}.CL-Distribute|Win32.ActiveCfg = Distribute|Win32
		{935F7B65-3574-41C4-B4F9-1C2EC950463A}.CL-Distribute|Win32.Build.0 = Distribute|Win32
		{935F7B65-3574-41C4-B4F9-1C2EC950463A}.CL-Release|Win32.ActiveCfg = Release|Win32
		{935F7B65-3574-41C4-B4F9-1C2EC950463A}.CL-Release|Win32.Build.0 = Release|Win32
		{935F7B65-3574-41C4-B4F9-1C2EC950463A}.WE-Debug|Win32.ActiveCfg = Debug|Win32
		{935F7B65-3574-41C4-B4F9-1C2EC950463A}.WE-Debug|Win32.Build.0 = Debug|Win32
		{935F7B65-3574-41C4-B4F9-1C2EC950463A}.WE-Release|Win32.ActiveCfg = Release|Win32
		{935F7B65-3574-41C4-B4F9-1C2EC950463A}.WE-Release|Win32.Build.0 = Release|Win32
		{3AA4BFA3-DF0E-42B9-A82C-E1BE16139AF3}.CL-Debug|Win32.ActiveCfg = Debug|Win32
		{3AA4BFA3-DF0E-42B9-A82C-E1BE16139AF3}.CL-Debug|Win32.Build.0 = Debug|Win32
		{3AA4BFA3-DF0E-42B9-A82C-E1BE16139AF3}.CL-Distribute|Win32.ActiveCfg = Distribute|Win32
		{3AA4BFA3-DF0E-42B9-A82C-E1BE16139AF3}.CL-Distribute|Win32.Build.0 = Distribute|Win32
		{3AA4BFA3-DF0E-42B9-A82C-E1BE16139AF3}.CL-Release|Win32.ActiveCfg = Release|Win32
		{3AA4BFA3-DF0E-42B9-A82C-E1BE16139AF3}.CL-Release|Win32.Build.0 = Release|Win32
		{3AA4BFA3-DF0E-42B9-A82C-E1BE16139AF3}.WE-Debug|Win32.ActiveCfg = Debug|Win32
		{3AA4BFA3-DF0E-42B9-A82C-E1BE16139AF3}.WE-Debug|Win32.Build.0 = Debug|Win32
		{3AA4BFA3-DF0E-42B9-A82C-E1BE16139AF3}.WE-Release|Win32.ActiveCfg = Release|Win32
		{3AA4BFA3-DF0E-42B9-A82C-E1BE16139AF3}.WE-Release|Win32.Build.0 = Release|Win32
		{634437B1-4B3B-48C5-9220-619FB4D8F99B}.CL-Debug|Win32.ActiveCfg = Debug|Win32
		{634437B1-4B3B-48C5-9220-619FB4D8F99B}.CL-Debug|Win32.Build.0 = Debug|Win32
		{634437B1-4B3B-48C5-9220-619FB4D8F99B}.CL-Distribute|Win32.ActiveCfg = Distribute|Win32
		{634437B1-4B3B-48C5-9220-619FB4D8F99B}.CL-Distribute|Win32.Build.0 = Distribute|Win32
		{634437B1-4B3B-48C5-9220-619FB4D8F99B}.CL-Release|Win32.ActiveCfg = Release|Win32
		{634437B1-4B3B-48C5-9220-619FB4D8F99B}.CL-Release|Win32.Build.0 = Release|Win32
		{634437B1-4B3B-48C5-9220-619FB4D8F99B}.WE-Debug|Win32.ActiveCfg = Debug-WE|Win32
		{634437B1-4B3B-48C5-9220-619FB4D8F99B}.WE-Debug|Win32.Build.0 = Debug-WE|Win32
		{634437B1-4B3B-48C5-9220-619FB4D8F99B}.WE-Release|Win32.ActiveCfg = Release-WE|Win32
		{634437B1-4B3B-48C5-9220-619FB4D8F99B}.WE-Release|Win32.Build.0 = Release-WE|Win32
		{08E76C01-D25C-4684-911C-876A33F27CE1}.CL-Debug|Win32.ActiveCfg = Debug|Win32
		{08E76C01-D25C-4684-911C-876A33F27CE1}.CL-Debug|Win32.Build.0 = Debug|Win32
		{08E76C01-D25C-4684-911C-876A33F27CE1}.CL-Distribute|Win32.ActiveCfg = Distribute|Win32
		{08E76C01-D25C-4684-911C-876A33F27CE1}.CL-Distribute|Win32.Build.0 = Distribute|Win32
		{08E76C01-D25C-4684-911C-876A33F27CE1}.CL-Release|Win32.ActiveCfg = Release|Win32
		{08E76C01-D25C-4684-911C-876A33F27CE1}.CL-Release|Win32.Build.0 = Release|Win32
		{08E76C01-D25C-4684-911C-876A33F27CE1}.WE-Debug|Win32.ActiveCfg = Debug|Win32
		{08E76C01-D25C-4684-911C-876A33F27CE1}.WE-Debug|Win32.Build.0 = Debug|Win32
		{08E76C01-D25C-4684-911C-876A33F27CE1}.WE-Release|Win32.ActiveCfg = Release|Win32
		{08E76C01-D25C-4684-911C-876A33F27CE1}.WE-Release|Win32.Build.0 = Release|Win32
		{EEAB8CB2-0891-4579-905E-B37A5F04F1D1}.CL-Debug|Win32.ActiveCfg = Debug|Win32
		{EEAB8CB2-0891-4579-905E-B37A5F04F1D1}.CL-Debug|Win32.Build.0 = Debug|Win32
		{EEAB8CB2-0891-4579-905E-B37A5F04F1D1}.CL-Distribute|Win32.ActiveCfg = Distribute|Win32
		{EEAB8CB2-0891-4579-905E-B37A5F04F1D1}.CL-Distribute|Win32.Build.0 = Distribute|Win32
		{EEAB8CB2-0891-4579-905E-B37A5F04F1D1}.CL-Release|Win32.ActiveCfg = Release|Win32
		{EEAB8CB2-0891-4579-905E-B37A5F04F1D1}.CL-Release|Win32.Build.0 = Release|Win32
		{EEAB8CB2-0891-4579-905E-B37A5F04F1D1}.WE-Debug|Win32.ActiveCfg = Debug|Win32
		{EEAB8CB2-0891-4579-905E-B37A5F04F1D1}.WE-Debug|Win32.Build.0 = Debug|Win32
		{EEAB8CB2-0891-4579-905E-B37A5F04F1D1}.WE-Release|Win32.ActiveCfg = Release|Win32
		{EEAB8CB2-0891-4579-905E-B37A5F04F1D1}.WE-Release|Win32.Build.0 = Release|Win32
		{396764A4-9226-4F33-930F-E577A3BF51D4}.CL-Debug|Win32.ActiveCfg = Debug|Win32
		{396764A4-9226-4F33-930F-E577A3BF51D4}.CL-Debug|Win32.Build.0 = Debug|Win32
		{396764A4-9226-4F33-930F-E577A3BF51D4}.CL-Distribute|Win32.ActiveCfg = Distribute|Win32
		{396764A4-9226-4F33-930F-E577A3BF51D4}.CL-Distribute|Win32.Build.0 = Distribute|Win32
		{396764A4-9226-4F33-930F-E577A3BF51D4}.CL-Release|Win32.ActiveCfg = Release|Win32
		{396764A4-9226-4F33-930F-E577A3BF51D4}.CL-Release|Win32.Build.0 = Release|Win32
		{396764A4-9226-4F33-930F-E577A3BF51D4}.WE-Debug|Win32.ActiveCfg = Debug|Win32
		{396764A4-9226-4F33-930F-E577A3BF51D4}.WE-Release|Win32.ActiveCfg = Release|Win32
		{0C8DEF2C-F22D-4AD8-9D59-3147604C6B22}.CL-Debug|Win32.ActiveCfg = Debug|Win32
		{0C8DEF2C-F22D-4AD8-9D59-3147604C6B22}.CL-Debug|Win32.Build.0 = Debug|Win32
		{0C8DEF2C-F22D-4AD8-9D59-3147604C6B22}.CL-Distribute|Win32.ActiveCfg = Distribute|Win32
		{0C8DEF2C-F22D-4AD8-9D59-3147604C6B22}.CL-Distribute|Win32.Build.0 = Distribute|Win32
		{0C8DEF2C-F22D-4AD8-9D59-3147604C6B22}.CL-Release|Win32.ActiveCfg = Release|Win32
		{0C8DEF2C-F22D-4AD8-9D59-3147604C6B22}.CL-Release|Win32.Build.0 = Release|Win32
		{0C8DEF2C-F22D-4AD8-9D59-3147604C6B22}.WE-Debug|Win32.ActiveCfg = Debug-WE|Win32
		{0C8DEF2C-F22D-4AD8-9D59-3147604C6B22}.WE-Debug|Win32.Build.0 = Debug-WE|Win32
		{0C8DEF2C-F22D-4AD8-9D59-3147604C6B22}.WE-Release|Win32.ActiveCfg = Release-WE|Win32
		{0C8DEF2C-F22D-4AD8-9D59-3147604C6B22}.WE-Release|Win32.Build.0 = Release-WE|Win32
		{FE2F4549-76C4-4448-88D7-67D8CAF477D2}.CL-Debug|Win32.ActiveCfg = Debug|Win32
		{FE2F4549-76C4-4448-88D7-67D8CAF477D2}.CL-Debug|Win32.Build.0 = Debug|Win32
		{FE2F4549-76C4-4448-88D7-67D8CAF477D2}.CL-Distribute|Win32.ActiveCfg = Distribute|Win32
		{FE2F4549-76C4-4448-88D7-67D8CAF477D2}.CL-Distribute|Win32.Build.0 = Distribute|Win32
		{FE2F4549-76C4-4448-88D7-67D8CAF477D2}.CL-Release|Win32.ActiveCfg = Release|Win32
		{FE2F4549-76C4-4448-88D7-67D8CAF477D2}.CL-Release|Win32.Build.0 = Release|Win32
		{FE2F4549-76C4-4448-88D7-67D8CAF477D2}.WE-Debug|Win32.ActiveCfg = Debug|Win32
		{FE2F4549-76C4-4448-88D7-67D8CAF477D2}.WE-Debug|Win32.Build.0 = Debug|Win32
		{FE2F4549-76C4-4448-88D7-67D8CAF477D2}.WE-Release|Win32.ActiveCfg = Release|Win32
		{FE2F4549-76C4-4448-88D7-67D8CAF477D2}.WE-Release|Win32.Build.0 = Release|Win32
		{A1ED61AC-6324-43B1-BC9B-548208D625CF}.CL-Debug|Win32.ActiveCfg = Debug|Win32
		{A1ED61AC-6324-43B1-BC9B-548208D625CF}.CL-Debug|Win32.Build.0 = Debug|Win32
		{A1ED61AC-6324-43B1-BC9B-548208D625CF}.CL-Distribute|Win32.ActiveCfg = Distribute|Win32
		{A1ED61AC-6324-43B1-BC9B-548208D625CF}.CL-Distribute|Win32.Build.0 = Distribute|Win32
		{A1ED61AC-6324-43B1-BC9B-548208D625CF}.CL-Release|Win32.ActiveCfg = Release|Win32
		{A1ED61AC-6324-43B1-BC9B-548208D625CF}.CL-Release|Win32.Build.0 = Release|Win32
		{A1ED61AC-6324-43B1-BC9B-548208D625CF}.WE-Debug|Win32.ActiveCfg = Debug-WE|Win32
		{A1ED61AC-6324-43B1-BC9B-548208D625CF}.WE-Debug|Win32.Build.0 = Debug-WE|Win32
		{A1ED61AC-6324-43B1-BC9B-548208D625CF}.WE-Release|Win32.ActiveCfg = Release-WE|Win32
		{A1ED61AC-6324-43B1-BC9B-548208D625CF}.WE-Release|Win32.Build.0 = Release-WE|Win32
		{2084D43E-5FEE-4540-8EC9-8B159AD9D765}.CL-Debug|Win32.ActiveCfg = Debug|Win32
		{2084D43E-5FEE-4540-8EC9-8B159AD9D765}.CL-Debug|Win32.Build.0 = Debug|Win32
		{2084D43E-5FEE-4540-8EC9-8B159AD9D765}.CL-Distribute|Win32.ActiveCfg = Distribute|Win32
		{2084D43E-5FEE-4540-8EC9-8B159AD9D765}.CL-Distribute|Win32.Build.0 = Distribute|Win32
		{2084D43E-5FEE-4540-8EC9-8B159AD9D765}.CL-Release|Win32.ActiveCfg = Release|Win32
		{2084D43E-5FEE-4540-8EC9-8B159AD9D765}.CL-Release|Win32.Build.0 = Release|Win32
		{2084D43E-5FEE-4540-8EC9-8B159AD9D765}.WE-Debug|Win32.ActiveCfg = Debug|Win32
		{2084D43E-5FEE-4540-8EC9-8B159AD9D765}.WE-Debug|Win32.Build.0 = Debug|Win32
		{2084D43E-5FEE-4540-8EC9-8B159AD9D765}.WE-Release|Win32.ActiveCfg = Release|Win32
		{2084D43E-5FEE-4540-8EC9-8B159AD9D765}.WE-Release|Win32.Build.0 = Release|Win32
		{602EF21F-918B-4678-85AE-44CCF1561DB8}.CL-Debug|Win32.ActiveCfg = Debug|Win32
		{602EF21F-918B-4678-85AE-44CCF1561DB8}.CL-Debug|Win32.Build.0 = Debug|Win32
		{602EF21F-918B-4678-85AE-44CCF1561DB8}.CL-Distribute|Win32.ActiveCfg = Distribute|Win32
		{602EF21F-918B-4678-85AE-44CCF1561DB8}.CL-Distribute|Win32.Build.0 = Distribute|Win32
		{602EF21F-918B-4678-85AE-44CCF1561DB8}.CL-Release|Win32.ActiveCfg = Release|Win32
		{602EF21F-918B-4678-85AE-44CCF1561DB8}.CL-Release|Win32.Build.0 = Release|Win32
		{602EF21F-918B-4678-85AE-44CCF1561DB8}.WE-Debug|Win32.ActiveCfg = Debug|Win32
		{602EF21F-918B-4678-85AE-44CCF1561DB8}.WE-Debug|Win32.Build.0 = Debug|Win32
		{602EF21F-918B-4678-85AE-44CCF1561DB8}.WE-Release|Win32.ActiveCfg = Release|Win32
		{602EF21F-918B-4678-85AE-44CCF1561DB8}.WE-Release|Win32.Build.0 = Release|Win32
		{B1F24BAE-61E8-41E9-B2BB-A6905E5D64FD}.CL-Debug|Win32.ActiveCfg = Debug|Win32
		{B1F24BAE-61E8-41E9-B2BB-A6905E5D64FD}.CL-Debug|Win32.Build.0 = Debug|Win32
		{B1F24BAE-61E8-41E9-B2BB-A6905E5D64FD}.CL-Distribute|Win32.ActiveCfg = Distribute|Win32
		{B1F24BAE-61E8-41E9-B2BB-A6905E5D64FD}.CL-Distribute|Win32.Build.0 = Distribute|Win32
		{B1F24BAE-61E8-41E9-B2BB-A6905E5D64FD}.CL-Release|Win32.ActiveCfg = Release|Win32
		{B1F24BAE-61E8-41E9-B2BB-A6905E5D64FD}.CL-Release|Win32.Build.0 = Release|Win32
		{B1F24BAE-61E8-41E9-B2BB-A6905E5D64FD}.WE-Debug|Win32.ActiveCfg = Debug|Win32
		{B1F24BAE-61E8-41E9-B2BB-A6905E5D64FD}.WE-Debug|Win32.Build.0 = Debug|Win32
		{B1F24BAE-61E8-41E9-B2BB-A6905E5D64FD}.WE-Release|Win32.ActiveCfg = Release|Win32
		{B1F24BAE-61E8-41E9-B2BB-A6905E5D64FD}.WE-Release|Win32.Build.0 = Release|Win32
		{E0DC3917-08C3-4F15-A7E7-6CB395EC83F0}.CL-Debug|Win32.ActiveCfg = Debug|Win32
		{E0DC3917-08C3-4F15-A7E7-6CB395EC83F0}.CL-Debug|Win32.Build.0 = Debug|Win32
		{E0DC3917-08C3-4F15-A7E7-6CB395EC83F0}.CL-Distribute|Win32.ActiveCfg = Distribute|Win32
		{E0DC3917-08C3-4F15-A7E7-6CB395EC83F0}.CL-Distribute|Win32.Build.0 = Distribute|Win32
		{E0DC3917-08C3-4F15-A7E7-6CB395EC83F0}.CL-Release|Win32.ActiveCfg = Release|Win32
		{E0DC3917-08C3-4F15-A7E7-6CB395EC83F0}.CL-Release|Win32.Build.0 = Release|Win32
		{E0DC3917-08C3-4F15-A7E7-6CB395EC83F0}.WE-Debug|Win32.ActiveCfg = Debug|Win32
		{E0DC3917-08C3-4F15-A7E7-6CB395EC83F0}.WE-Release|Win32.ActiveCfg = Release|Win32
		{034F4297-9DF7-47E8-83C3-89DF19A09E4A}.CL-Debug|Win32.ActiveCfg = Debug|Win32
		{034F4297-9DF7-47E8-83C3-89DF19A09E4A}.CL-Debug|Win32.Build.0 = Debug|Win32
		{034F4297-9DF7-47E8-83C3-89DF19A09E4A}.CL-Distribute|Win32.ActiveCfg = Distribute|Win32
		{034F4297-9DF7-47E8-83C3-89DF19A09E4A}.CL-Distribute|Win32.Build.0 = Distribute|Win32
		{034F4297-9DF7-47E8-83C3-89DF19A09E4A}.CL-Release|Win32.ActiveCfg = Release|Win32
		{034F4297-9DF7-47E8-83C3-89DF19A09E4A}.CL-Release|Win32.Build.0 = Release|Win32
		{034F4297-9DF7-47E8-83C3-89DF19A09E4A}.WE-Debug|Win32.ActiveCfg = Debug|Win32
		{034F4297-9DF7-47E8-83C3-89DF19A09E4A}.WE-Release|Win32.ActiveCfg = Release|Win32
		{B7867A3F-5825-4490-8E41-D7586EF505E1}.CL-Debug|Win32.ActiveCfg = Debug|Win32
		{B7867A3F-5825-4490-8E41-D7586EF505E1}.CL-Debug|Win32.Build.0 = Debug|Win32
		{B7867A3F-5825-4490-8E41-D7586EF505E1}.CL-Distribute|Win32.ActiveCfg = Distribute|Win32
		{B7867A3F-5825-4490-8E41-D7586EF505E1}.CL-Distribute|Win32.Build.0 = Distribute|Win32
		{B7867A3F-5825-4490-8E41-D7586EF505E1}.CL-Release|Win32.ActiveCfg = Distribute|Win32
		{B7867A3F-5825-4490-8E41-D7586EF505E1}.CL-Release|Win32.Build.0 = Distribute|Win32
		{B7867A3F-5825-4490-8E41-D7586EF505E1}.WE-Debug|Win32.ActiveCfg = Debug|Win32
		{B7867A3F-5825-4490-8E41-D7586EF505E1}.WE-Release|Win32.ActiveCfg = Distribute|Win32
		{C99B72F9-E6B7-4445-A3DC-43B95C0D2AF2}.CL-Debug|Win32.ActiveCfg = Debug|Win32
		{C99B72F9-E6B7-4445-A3DC-43B95C0D2AF2}.CL-Distribute|Win32.ActiveCfg = Release|Win32
		{C99B72F9-E6B7-4445-A3DC-43B95C0D2AF2}.CL-Release|Win32.ActiveCfg = Release|Win32
		{C99B72F9-E6B7-4445-A3DC-43B95C0D2AF2}.WE-Debug|Win32.ActiveCfg = Debug|Win32
		{C99B72F9-E6B7-4445-A3DC-43B95C0D2AF2}.WE-Debug|Win32.Build.0 = Debug|Win32
		{C99B72F9-E6B7-4445-A3DC-43B95C0D2AF2}.WE-Release|Win32.ActiveCfg = Release|Win32
		{C99B72F9-E6B7-4445-A3DC-43B95C0D2AF2}.WE-Release|Win32.Build.0 = Release|Win32
	EndGlobalSection
	GlobalSection(SolutionProperties) = preSolution
		HideSolutionNode = FALSE
	EndGlobalSection
	GlobalSection(ExtensibilityGlobals) = postSolution
		SolutionGuid = {F46A540A-7868-41C7-AA54-AC5713509850}
	EndGlobalSection
EndGlobal
