
Microsoft Visual Studio Solution File, Format Version 12.00
# Visual Studio Version 18
VisualStudioVersion = 18.0.11205.157
MinimumVisualStudioVersion = 10.0.40219.1
Project("{8BC9CEB8-8B4A-11D0-8D11-00A0C91BC942}") = "CWebBrowser", "Client\Source\CWebBrowser\CWebBrowser.vcxproj", "{2E953487-E73A-4C43-A9B6-174AB7B9A7E2}"
EndProject
Project("{8BC9CEB8-8B4A-11D0-8D11-00A0C91BC942}") = "EffectLib", "Client\Source\EffectLib\EffectLib.vcxproj", "{7F1EC9EC-35DA-4332-A339-B68E3C95976F}"
EndProject
Project("{8BC9CEB8-8B4A-11D0-8D11-00A0C91BC942}") = "EterBase", "Client\Source\EterBase\EterBase.vcxproj", "{D8C71073-CDC3-4AB1-A84A-5829F28BFF56}"
EndProject
Project("{8BC9CEB8-8B4A-11D0-8D11-00A0C91BC942}") = "EterGrnLib", "Client\Source\EterGrnLib\EterGrnLib.vcxproj", "{935F7B65-3574-41C4-B4F9-1C2EC950463A}"
EndProject
Project("{8BC9CEB8-8B4A-11D0-8D11-00A0C91BC942}") = "EterImageLib", "Client\Source\EterImageLib\EterImageLib.vcxproj", "{3AA4BFA3-DF0E-42B9-A82C-E1BE16139AF3}"
EndProject
Project("{8BC9CEB8-8B4A-11D0-8D11-00A0C91BC942}") = "EterLib", "Client\Source\EterLib\EterLib.vcxproj", "{634437B1-4B3B-48C5-9220-619FB4D8F99B}"
EndProject
Project("{8BC9CEB8-8B4A-11D0-8D11-00A0C91BC942}") = "EterLocale", "Client\Source\EterLocale\EterLocale.vcxproj", "{08E76C01-D25C-4684-911C-876A33F27CE1}"
EndProject
Project("{8BC9CEB8-8B4A-11D0-8D11-00A0C91BC942}") = "EterPack", "Client\Source\EterPack\EterPack.vcxproj", "{EEAB8CB2-0891-4579-905E-B37A5F04F1D1}"
EndProject
Project("{8BC9CEB8-8B4A-11D0-8D11-00A0C91BC942}") = "EterPythonLib", "Client\Source\EterPythonLib\EterPythonLib.vcxproj", "{396764A4-9226-4F33-930F-E577A3BF51D4}"
EndProject
Project("{8BC9CEB8-8B4A-11D0-8D11-00A0C91BC942}") = "GameLib", "Client\Source\GameLib\GameLib.vcxproj", "{0C8DEF2C-F22D-4AD8-9D59-3147604C6B22}"
EndProject
Project("{8BC9CEB8-8B4A-11D0-8D11-00A0C91BC942}") = "MilesLib", "Client\Source\MilesLib\MilesLib.vcxproj", "{FE2F4549-76C4-4448-88D7-67D8CAF477D2}"
EndProject
Project("{8BC9CEB8-8B4A-11D0-8D11-00A0C91BC942}") = "TerrainLib", "Client\Source\TerrainLib\TerrainLib.vcxproj", "{A1ED61AC-6324-43B1-BC9B-548208D625CF}"
EndProject
Project("{8BC9CEB8-8B4A-11D0-8D11-00A0C91BC942}") = "ScriptLib", "Client\Source\ScriptLib\ScriptLib.vcxproj", "{2084D43E-5FEE-4540-8EC9-8B159AD9D765}"
EndProject
Project("{8BC9CEB8-8B4A-11D0-8D11-00A0C91BC942}") = "SpeedTreeLib", "Client\Source\SpeedTreeLib\SpeedTreeLib.vcxproj", "{602EF21F-918B-4678-85AE-44CCF1561DB8}"
EndProject
Project("{8BC9CEB8-8B4A-11D0-8D11-00A0C91BC942}") = "SphereLib", "Client\Source\SphereLib\SphereLib.vcxproj", "{B1F24BAE-61E8-41E9-B2BB-A6905E5D64FD}"
EndProject
Project("{8BC9CEB8-8B4A-11D0-8D11-00A0C91BC942}") = "UserInterface", "Client\Source\UserInterface\UserInterface.vcxproj", "{E0DC3917-08C3-4F15-A7E7-6CB395EC83F0}"
EndProject
Project("{8BC9CEB8-8B4A-11D0-8D11-00A0C91BC942}") = "Discord", "Client\Source\Discord\Discord.vcxproj", "{034F4297-9DF7-47E8-83C3-89DF19A09E4A}"
EndProject
Project("{8BC9CEB8-8B4A-11D0-8D11-00A0C91BC942}") = "PackMaker", "Client\Source\PackMaker\Metin2PackMaker.vcxproj", "{B7867A3F-5825-4490-8E41-D7586EF505E1}"
EndProject
Project("{8BC9CEB8-8B4A-11D0-8D11-00A0C91BC942}") = "WorldEditor", "Client\Source\WorldEditor\WorldEditor.vcxproj", "{C99B72F9-E6B7-4445-A3DC-43B95C0D2AF2}"
	ProjectSection(ProjectDependencies) = postProject
		{0C8DEF2C-F22D-4AD8-9D59-3147604C6B22} = {0C8DEF2C-F22D-4AD8-9D59-3147604C6B22}
		{2084D43E-5FEE-4540-8EC9-8B159AD9D765} = {2084D43E-5FEE-4540-8EC9-8B159AD9D765}
		{3AA4BFA3-DF0E-42B9-A82C-E1BE16139AF3} = {3AA4BFA3-DF0E-42B9-A82C-E1BE16139AF3}
		{602EF21F-918B-4678-85AE-44CCF1561DB8} = {602EF21F-918B-4678-85AE-44CCF1561DB8}
		{634437B1-4B3B-48C5-9220-619FB4D8F99B} = {634437B1-4B3B-48C5-9220-619FB4D8F99B}
		{7F1EC9EC-35DA-4332-A339-B68E3C95976F} = {7F1EC9EC-35DA-4332-A339-B68E3C95976F}
		{935F7B65-3574-41C4-B4F9-1C2EC950463A} = {935F7B65-3574-41C4-B4F9-1C2EC950463A}
		{A1ED61AC-6324-43B1-BC9B-548208D625CF} = {A1ED61AC-6324-43B1-BC9B-548208D625CF}
		{B1F24BAE-61E8-41E9-B2BB-A6905E5D64FD} = {B1F24BAE-61E8-41E9-B2BB-A6905E5D64FD}
		{D8C71073-CDC3-4AB1-A84A-5829F28BFF56} = {D8C71073-CDC3-4AB1-A84A-5829F28BFF56}
		{EEAB8CB2-0891-4579-905E-B37A5F04F1D1} = {EEAB8CB2-0891-4579-905E-B37A5F04F1D1}
		{FE2F4549-76C4-4448-88D7-67D8CAF477D2} = {FE2F4549-76C4-4448-88D7-67D8CAF477D2}
	EndProjectSection
EndProject
Project("{2150E333-8FDC-42A3-9474-1A3956D46DE8}") = "Client", "Client", "{6E9CA981-BD7C-43EB-A05B-8F3AD92578E6}"
EndProject
Project("{2150E333-8FDC-42A3-9474-1A3956D46DE8}") = "Clients", "Clients", "{198C767A-A295-409E-994F-EFAD839B1697}"
EndProject
Project("{2150E333-8FDC-42A3-9474-1A3956D46DE8}") = "Server", "Server", "{C22AA98B-8E21-4A26-880F-019BD22A85FD}"
	ProjectSection(SolutionItems) = preProject
		Server\Source\Makefile = Server\Source\Makefile
	EndProjectSection
EndProject
Project("{2150E333-8FDC-42A3-9474-1A3956D46DE8}") = "Libraries", "Libraries", "{282249C3-7A5C-47E1-95C0-37B2385EDBD2}"
EndProject
Project("{8BC9CEB8-8B4A-11D0-8D11-00A0C91BC942}") = "libgame", "Server\Source\libgame\libgame.2008.vcxproj", "{2AB4A5A4-3EAA-4486-B93C-38E8D39BF218}"
EndProject
Project("{8BC9CEB8-8B4A-11D0-8D11-00A0C91BC942}") = "liblua", "Server\Source\liblua\liblua.2008.vcxproj", "{EC666345-5F4E-4A4E-8C66-C7A6326F8235}"
EndProject
Project("{8BC9CEB8-8B4A-11D0-8D11-00A0C91BC942}") = "libpoly", "Server\Source\libpoly\libpoly.2008.vcxproj", "{BD8E86DD-07BA-49B0-BF04-3282DA8377EB}"
EndProject
Project("{8BC9CEB8-8B4A-11D0-8D11-00A0C91BC942}") = "libsql", "Server\Source\libsql\libsql.2008.vcxproj", "{3967853D-4E19-4548-AC3A-F6012B78E384}"
EndProject
Project("{8BC9CEB8-8B4A-11D0-8D11-00A0C91BC942}") = "libthecore", "Server\Source\libthecore\libthecore.2008.vcxproj", "{5C8620C9-5D1F-419D-8267-48D2863C3D13}"
EndProject
Project("{2150E333-8FDC-42A3-9474-1A3956D46DE8}") = "Servers", "Servers", "{8508E84D-8166-4C99-B5BE-7C6A9E5B8B85}"
EndProject
Project("{8BC9CEB8-8B4A-11D0-8D11-00A0C91BC942}") = "db", "Server\Source\db\db.2008.vcxproj", "{ADC2E26A-C39B-4817-A24C-A99827B74EB2}"
EndProject
Project("{8BC9CEB8-8B4A-11D0-8D11-00A0C91BC942}") = "game", "Server\Source\game\game.2008.vcxproj", "{146DE22F-4DD4-4E6F-B2FD-98AE163BEBBA}"
EndProject
Project("{2150E333-8FDC-42A3-9474-1A3956D46DE8}") = "Libraries", "Libraries", "{D2C8CD1C-2AA1-4E8C-8795-48191762E1CD}"
EndProject
Project("{2150E333-8FDC-42A3-9474-1A3956D46DE8}") = "Utilities", "Utilities", "{104EE757-D015-43B3-A556-1D0155D60DA9}"
EndProject
Project("{8BC9CEB8-8B4A-11D0-8D11-00A0C91BC942}") = "qc", "Server\Source\game\quest\qc.2008.vcxproj", "{3783243F-5E36-4B96-9A13-7BFF00F15B34}"
EndProject
Project("{2150E333-8FDC-42A3-9474-1A3956D46DE8}") = "DumpProto", "DumpProto", "{1F928AEE-3936-46E5-9D6A-12263FE2CD91}"
EndProject
Project("{8BC9CEB8-8B4A-11D0-8D11-00A0C91BC942}") = "dump_proto", "Tools\DumpProto\dump_proto.vcxproj", "{DBCC99BC-1D68-4271-AC99-62EBBE37890F}"
EndProject
Project("{2150E333-8FDC-42A3-9474-1A3956D46DE8}") = "Clients", "Clients", "{BC3A27A2-3632-47C5-A47C-E07FD9F92F62}"
EndProject
Project("{2150E333-8FDC-42A3-9474-1A3956D46DE8}") = "Common", "Common", "{0973B98F-1AA5-4B93-BB7D-B87BAE902E4A}"
	ProjectSection(SolutionItems) = preProject
		Server\Source\common\billing.h = Server\Source\common\billing.h
		Server\Source\common\building.h = Server\Source\common\building.h
		Server\Source\common\cache.h = Server\Source\common\cache.h
		Server\Source\common\d3dtype.h = Server\Source\common\d3dtype.h
		Server\Source\common\item_length.h = Server\Source\common\item_length.h
		Server\Source\common\length.h = Server\Source\common\length.h
		Server\Source\common\noncopyable.h = Server\Source\common\noncopyable.h
		Server\Source\common\pool.h = Server\Source\common\pool.h
		Server\Source\common\service.h = Server\Source\common\service.h
		Server\Source\common\singleton.h = Server\Source\common\singleton.h
		Server\Source\common\stl.h = Server\Source\common\stl.h
		Server\Source\common\tables.h = Server\Source\common\tables.h
		Server\Source\common\utils.h = Server\Source\common\utils.h
		Server\Source\common\VnumHelper.h = Server\Source\common\VnumHelper.h
	EndProjectSection
EndProject
Project("{2150E333-8FDC-42A3-9474-1A3956D46DE8}") = "SQLs", "SQLs", "{7B656DF8-0282-4E39-9A34-EE1BB8E6A181}"
	ProjectSection(SolutionItems) = preProject
		Server\MySQL_Databases\account.sql = Server\MySQL_Databases\account.sql
		Server\MySQL_Databases\common.sql = Server\MySQL_Databases\common.sql
		Server\MySQL_Databases\log.sql = Server\MySQL_Databases\log.sql
		Server\MySQL_Databases\player.sql = Server\MySQL_Databases\player.sql
	EndProjectSection
EndProject
Global
	GlobalSection(SolutionConfigurationPlatforms) = preSolution
		CL-Debug|Win32 = CL-Debug|Win32
		CL-Distribute|Win32 = CL-Distribute|Win32
		CL-Release|Win32 = CL-Release|Win32
		DP-Debug|Win32 = DP-Debug|Win32
		DP-Release|Win32 = DP-Release|Win32
		SV-Debug|Win32 = SV-Debug|Win32
		SV-Release|Win32 = SV-Release|Win32
		WE-Debug|Win32 = WE-Debug|Win32
		WE-Release|Win32 = WE-Release|Win32
	EndGlobalSection
	GlobalSection(ProjectConfigurationPlatforms) = postSolution
		{2E953487-E73A-4C43-A9B6-174AB7B9A7E2}.CL-Debug|Win32.ActiveCfg = Debug|Win32
		{2E953487-E73A-4C43-A9B6-174AB7B9A7E2}.CL-Debug|Win32.Build.0 = Debug|Win32
		{2E953487-E73A-4C43-A9B6-174AB7B9A7E2}.CL-Distribute|Win32.ActiveCfg = Distribute|Win32
		{2E953487-E73A-4C43-A9B6-174AB7B9A7E2}.CL-Distribute|Win32.Build.0 = Distribute|Win32
		{2E953487-E73A-4C43-A9B6-174AB7B9A7E2}.CL-Release|Win32.ActiveCfg = Release|Win32
		{2E953487-E73A-4C43-A9B6-174AB7B9A7E2}.CL-Release|Win32.Build.0 = Release|Win32
		{2E953487-E73A-4C43-A9B6-174AB7B9A7E2}.DP-Debug|Win32.ActiveCfg = Release|Win32
		{2E953487-E73A-4C43-A9B6-174AB7B9A7E2}.DP-Release|Win32.ActiveCfg = Release|Win32
		{2E953487-E73A-4C43-A9B6-174AB7B9A7E2}.SV-Debug|Win32.ActiveCfg = Debug|Win32
		{2E953487-E73A-4C43-A9B6-174AB7B9A7E2}.SV-Release|Win32.ActiveCfg = Release|Win32
		{2E953487-E73A-4C43-A9B6-174AB7B9A7E2}.WE-Debug|Win32.ActiveCfg = Debug|Win32
		{2E953487-E73A-4C43-A9B6-174AB7B9A7E2}.WE-Release|Win32.ActiveCfg = Release|Win32
		{7F1EC9EC-35DA-4332-A339-B68E3C95976F}.CL-Debug|Win32.ActiveCfg = Debug|Win32
		{7F1EC9EC-35DA-4332-A339-B68E3C95976F}.CL-Debug|Win32.Build.0 = Debug|Win32
		{7F1EC9EC-35DA-4332-A339-B68E3C95976F}.CL-Distribute|Win32.ActiveCfg = Distribute|Win32
		{7F1EC9EC-35DA-4332-A339-B68E3C95976F}.CL-Distribute|Win32.Build.0 = Distribute|Win32
		{7F1EC9EC-35DA-4332-A339-B68E3C95976F}.CL-Release|Win32.ActiveCfg = Release|Win32
		{7F1EC9EC-35DA-4332-A339-B68E3C95976F}.CL-Release|Win32.Build.0 = Release|Win32
		{7F1EC9EC-35DA-4332-A339-B68E3C95976F}.DP-Debug|Win32.ActiveCfg = Release-WE|Win32
		{7F1EC9EC-35DA-4332-A339-B68E3C95976F}.DP-Release|Win32.ActiveCfg = Release|Win32
		{7F1EC9EC-35DA-4332-A339-B68E3C95976F}.SV-Debug|Win32.ActiveCfg = Debug|Win32
		{7F1EC9EC-35DA-4332-A339-B68E3C95976F}.SV-Release|Win32.ActiveCfg = Release|Win32
		{7F1EC9EC-35DA-4332-A339-B68E3C95976F}.WE-Debug|Win32.ActiveCfg = Debug-WE|Win32
		{7F1EC9EC-35DA-4332-A339-B68E3C95976F}.WE-Debug|Win32.Build.0 = Debug-WE|Win32
		{7F1EC9EC-35DA-4332-A339-B68E3C95976F}.WE-Release|Win32.ActiveCfg = Release-WE|Win32
		{7F1EC9EC-35DA-4332-A339-B68E3C95976F}.WE-Release|Win32.Build.0 = Release-WE|Win32
		{D8C71073-CDC3-4AB1-A84A-5829F28BFF56}.CL-Debug|Win32.ActiveCfg = Debug|Win32
		{D8C71073-CDC3-4AB1-A84A-5829F28BFF56}.CL-Debug|Win32.Build.0 = Debug|Win32
		{D8C71073-CDC3-4AB1-A84A-5829F28BFF56}.CL-Distribute|Win32.ActiveCfg = Distribute|Win32
		{D8C71073-CDC3-4AB1-A84A-5829F28BFF56}.CL-Distribute|Win32.Build.0 = Distribute|Win32
		{D8C71073-CDC3-4AB1-A84A-5829F28BFF56}.CL-Release|Win32.ActiveCfg = Release|Win32
		{D8C71073-CDC3-4AB1-A84A-5829F28BFF56}.CL-Release|Win32.Build.0 = Release|Win32
		{D8C71073-CDC3-4AB1-A84A-5829F28BFF56}.DP-Debug|Win32.ActiveCfg = Release|Win32
		{D8C71073-CDC3-4AB1-A84A-5829F28BFF56}.DP-Release|Win32.ActiveCfg = Release|Win32
		{D8C71073-CDC3-4AB1-A84A-5829F28BFF56}.SV-Debug|Win32.ActiveCfg = Debug|Win32
		{D8C71073-CDC3-4AB1-A84A-5829F28BFF56}.SV-Release|Win32.ActiveCfg = Release|Win32
		{D8C71073-CDC3-4AB1-A84A-5829F28BFF56}.WE-Debug|Win32.ActiveCfg = Debug|Win32
		{D8C71073-CDC3-4AB1-A84A-5829F28BFF56}.WE-Debug|Win32.Build.0 = Debug|Win32
		{D8C71073-CDC3-4AB1-A84A-5829F28BFF56}.WE-Release|Win32.ActiveCfg = Release|Win32
		{D8C71073-CDC3-4AB1-A84A-5829F28BFF56}.WE-Release|Win32.Build.0 = Release|Win32
		{935F7B65-3574-41C4-B4F9-1C2EC950463A}.CL-Debug|Win32.ActiveCfg = Debug|Win32
		{935F7B65-3574-41C4-B4F9-1C2EC950463A}.CL-Debug|Win32.Build.0 = Debug|Win32
		{935F7B65-3574-41C4-B4F9-1C2EC950463A}.CL-Distribute|Win32.ActiveCfg = Distribute|Win32
		{935F7B65-3574-41C4-B4F9-1C2EC950463A}.CL-Distribute|Win32.Build.0 = Distribute|Win32
		{935F7B65-3574-41C4-B4F9-1C2EC950463A}.CL-Release|Win32.ActiveCfg = Release|Win32
		{935F7B65-3574-41C4-B4F9-1C2EC950463A}.CL-Release|Win32.Build.0 = Release|Win32
		{935F7B65-3574-41C4-B4F9-1C2EC950463A}.DP-Debug|Win32.ActiveCfg = Release|Win32
		{935F7B65-3574-41C4-B4F9-1C2EC950463A}.DP-Release|Win32.ActiveCfg = Release|Win32
		{935F7B65-3574-41C4-B4F9-1C2EC950463A}.SV-Debug|Win32.ActiveCfg = Debug|Win32
		{935F7B65-3574-41C4-B4F9-1C2EC950463A}.SV-Release|Win32.ActiveCfg = Release|Win32
		{935F7B65-3574-41C4-B4F9-1C2EC950463A}.WE-Debug|Win32.ActiveCfg = Debug|Win32
		{935F7B65-3574-41C4-B4F9-1C2EC950463A}.WE-Debug|Win32.Build.0 = Debug|Win32
		{935F7B65-3574-41C4-B4F9-1C2EC950463A}.WE-Release|Win32.ActiveCfg = Release|Win32
		{935F7B65-3574-41C4-B4F9-1C2EC950463A}.WE-Release|Win32.Build.0 = Release|Win32
		{3AA4BFA3-DF0E-42B9-A82C-E1BE16139AF3}.CL-Debug|Win32.ActiveCfg = Debug|Win32
		{3AA4BFA3-DF0E-42B9-A82C-E1BE16139AF3}.CL-Debug|Win32.Build.0 = Debug|Win32
		{3AA4BFA3-DF0E-42B9-A82C-E1BE16139AF3}.CL-Distribute|Win32.ActiveCfg = Distribute|Win32
		{3AA4BFA3-DF0E-42B9-A82C-E1BE16139AF3}.CL-Distribute|Win32.Build.0 = Distribute|Win32
		{3AA4BFA3-DF0E-42B9-A82C-E1BE16139AF3}.CL-Release|Win32.ActiveCfg = Release|Win32
		{3AA4BFA3-DF0E-42B9-A82C-E1BE16139AF3}.CL-Release|Win32.Build.0 = Release|Win32
		{3AA4BFA3-DF0E-42B9-A82C-E1BE16139AF3}.DP-Debug|Win32.ActiveCfg = Release|Win32
		{3AA4BFA3-DF0E-42B9-A82C-E1BE16139AF3}.DP-Release|Win32.ActiveCfg = Release|Win32
		{3AA4BFA3-DF0E-42B9-A82C-E1BE16139AF3}.SV-Debug|Win32.ActiveCfg = Debug|Win32
		{3AA4BFA3-DF0E-42B9-A82C-E1BE16139AF3}.SV-Release|Win32.ActiveCfg = Release|Win32
		{3AA4BFA3-DF0E-42B9-A82C-E1BE16139AF3}.WE-Debug|Win32.ActiveCfg = Debug|Win32
		{3AA4BFA3-DF0E-42B9-A82C-E1BE16139AF3}.WE-Debug|Win32.Build.0 = Debug|Win32
		{3AA4BFA3-DF0E-42B9-A82C-E1BE16139AF3}.WE-Release|Win32.ActiveCfg = Release|Win32
		{3AA4BFA3-DF0E-42B9-A82C-E1BE16139AF3}.WE-Release|Win32.Build.0 = Release|Win32
		{634437B1-4B3B-48C5-9220-619FB4D8F99B}.CL-Debug|Win32.ActiveCfg = Debug|Win32
		{634437B1-4B3B-48C5-9220-619FB4D8F99B}.CL-Debug|Win32.Build.0 = Debug|Win32
		{634437B1-4B3B-48C5-9220-619FB4D8F99B}.CL-Distribute|Win32.ActiveCfg = Distribute|Win32
		{634437B1-4B3B-48C5-9220-619FB4D8F99B}.CL-Distribute|Win32.Build.0 = Distribute|Win32
		{634437B1-4B3B-48C5-9220-619FB4D8F99B}.CL-Release|Win32.ActiveCfg = Release|Win32
		{634437B1-4B3B-48C5-9220-619FB4D8F99B}.CL-Release|Win32.Build.0 = Release|Win32
		{634437B1-4B3B-48C5-9220-619FB4D8F99B}.DP-Debug|Win32.ActiveCfg = Release-WE|Win32
		{634437B1-4B3B-48C5-9220-619FB4D8F99B}.DP-Release|Win32.ActiveCfg = Release|Win32
		{634437B1-4B3B-48C5-9220-619FB4D8F99B}.SV-Debug|Win32.ActiveCfg = Debug|Win32
		{634437B1-4B3B-48C5-9220-619FB4D8F99B}.SV-Release|Win32.ActiveCfg = Release|Win32
		{634437B1-4B3B-48C5-9220-619FB4D8F99B}.WE-Debug|Win32.ActiveCfg = Debug-WE|Win32
		{634437B1-4B3B-48C5-9220-619FB4D8F99B}.WE-Debug|Win32.Build.0 = Debug-WE|Win32
		{634437B1-4B3B-48C5-9220-619FB4D8F99B}.WE-Release|Win32.ActiveCfg = Release-WE|Win32
		{634437B1-4B3B-48C5-9220-619FB4D8F99B}.WE-Release|Win32.Build.0 = Release-WE|Win32
		{08E76C01-D25C-4684-911C-876A33F27CE1}.CL-Debug|Win32.ActiveCfg = Debug|Win32
		{08E76C01-D25C-4684-911C-876A33F27CE1}.CL-Debug|Win32.Build.0 = Debug|Win32
		{08E76C01-D25C-4684-911C-876A33F27CE1}.CL-Distribute|Win32.ActiveCfg = Distribute|Win32
		{08E76C01-D25C-4684-911C-876A33F27CE1}.CL-Distribute|Win32.Build.0 = Distribute|Win32
		{08E76C01-D25C-4684-911C-876A33F27CE1}.CL-Release|Win32.ActiveCfg = Release|Win32
		{08E76C01-D25C-4684-911C-876A33F27CE1}.CL-Release|Win32.Build.0 = Release|Win32
		{08E76C01-D25C-4684-911C-876A33F27CE1}.DP-Debug|Win32.ActiveCfg = Release|Win32
		{08E76C01-D25C-4684-911C-876A33F27CE1}.DP-Release|Win32.ActiveCfg = Release|Win32
		{08E76C01-D25C-4684-911C-876A33F27CE1}.SV-Debug|Win32.ActiveCfg = Debug|Win32
		{08E76C01-D25C-4684-911C-876A33F27CE1}.SV-Release|Win32.ActiveCfg = Release|Win32
		{08E76C01-D25C-4684-911C-876A33F27CE1}.WE-Debug|Win32.ActiveCfg = Debug|Win32
		{08E76C01-D25C-4684-911C-876A33F27CE1}.WE-Debug|Win32.Build.0 = Debug|Win32
		{08E76C01-D25C-4684-911C-876A33F27CE1}.WE-Release|Win32.ActiveCfg = Release|Win32
		{08E76C01-D25C-4684-911C-876A33F27CE1}.WE-Release|Win32.Build.0 = Release|Win32
		{EEAB8CB2-0891-4579-905E-B37A5F04F1D1}.CL-Debug|Win32.ActiveCfg = Debug|Win32
		{EEAB8CB2-0891-4579-905E-B37A5F04F1D1}.CL-Debug|Win32.Build.0 = Debug|Win32
		{EEAB8CB2-0891-4579-905E-B37A5F04F1D1}.CL-Distribute|Win32.ActiveCfg = Distribute|Win32
		{EEAB8CB2-0891-4579-905E-B37A5F04F1D1}.CL-Distribute|Win32.Build.0 = Distribute|Win32
		{EEAB8CB2-0891-4579-905E-B37A5F04F1D1}.CL-Release|Win32.ActiveCfg = Release|Win32
		{EEAB8CB2-0891-4579-905E-B37A5F04F1D1}.CL-Release|Win32.Build.0 = Release|Win32
		{EEAB8CB2-0891-4579-905E-B37A5F04F1D1}.DP-Debug|Win32.ActiveCfg = Release|Win32
		{EEAB8CB2-0891-4579-905E-B37A5F04F1D1}.DP-Release|Win32.ActiveCfg = Release|Win32
		{EEAB8CB2-0891-4579-905E-B37A5F04F1D1}.SV-Debug|Win32.ActiveCfg = Debug|Win32
		{EEAB8CB2-0891-4579-905E-B37A5F04F1D1}.SV-Release|Win32.ActiveCfg = Release|Win32
		{EEAB8CB2-0891-4579-905E-B37A5F04F1D1}.WE-Debug|Win32.ActiveCfg = Debug|Win32
		{EEAB8CB2-0891-4579-905E-B37A5F04F1D1}.WE-Debug|Win32.Build.0 = Debug|Win32
		{EEAB8CB2-0891-4579-905E-B37A5F04F1D1}.WE-Release|Win32.ActiveCfg = Release|Win32
		{EEAB8CB2-0891-4579-905E-B37A5F04F1D1}.WE-Release|Win32.Build.0 = Release|Win32
		{396764A4-9226-4F33-930F-E577A3BF51D4}.CL-Debug|Win32.ActiveCfg = Debug|Win32
		{396764A4-9226-4F33-930F-E577A3BF51D4}.CL-Debug|Win32.Build.0 = Debug|Win32
		{396764A4-9226-4F33-930F-E577A3BF51D4}.CL-Distribute|Win32.ActiveCfg = Distribute|Win32
		{396764A4-9226-4F33-930F-E577A3BF51D4}.CL-Distribute|Win32.Build.0 = Distribute|Win32
		{396764A4-9226-4F33-930F-E577A3BF51D4}.CL-Release|Win32.ActiveCfg = Release|Win32
		{396764A4-9226-4F33-930F-E577A3BF51D4}.CL-Release|Win32.Build.0 = Release|Win32
		{396764A4-9226-4F33-930F-E577A3BF51D4}.DP-Debug|Win32.ActiveCfg = Release|Win32
		{396764A4-9226-4F33-930F-E577A3BF51D4}.DP-Release|Win32.ActiveCfg = Release|Win32
		{396764A4-9226-4F33-930F-E577A3BF51D4}.SV-Debug|Win32.ActiveCfg = Debug|Win32
		{396764A4-9226-4F33-930F-E577A3BF51D4}.SV-Release|Win32.ActiveCfg = Release|Win32
		{396764A4-9226-4F33-930F-E577A3BF51D4}.WE-Debug|Win32.ActiveCfg = Debug|Win32
		{396764A4-9226-4F33-930F-E577A3BF51D4}.WE-Release|Win32.ActiveCfg = Release|Win32
		{0C8DEF2C-F22D-4AD8-9D59-3147604C6B22}.CL-Debug|Win32.ActiveCfg = Debug|Win32
		{0C8DEF2C-F22D-4AD8-9D59-3147604C6B22}.CL-Debug|Win32.Build.0 = Debug|Win32
		{0C8DEF2C-F22D-4AD8-9D59-3147604C6B22}.CL-Distribute|Win32.ActiveCfg = Distribute|Win32
		{0C8DEF2C-F22D-4AD8-9D59-3147604C6B22}.CL-Distribute|Win32.Build.0 = Distribute|Win32
		{0C8DEF2C-F22D-4AD8-9D59-3147604C6B22}.CL-Release|Win32.ActiveCfg = Release|Win32
		{0C8DEF2C-F22D-4AD8-9D59-3147604C6B22}.CL-Release|Win32.Build.0 = Release|Win32
		{0C8DEF2C-F22D-4AD8-9D59-3147604C6B22}.DP-Debug|Win32.ActiveCfg = Release-WE|Win32
		{0C8DEF2C-F22D-4AD8-9D59-3147604C6B22}.DP-Release|Win32.ActiveCfg = Release|Win32
		{0C8DEF2C-F22D-4AD8-9D59-3147604C6B22}.SV-Debug|Win32.ActiveCfg = Debug|Win32
		{0C8DEF2C-F22D-4AD8-9D59-3147604C6B22}.SV-Release|Win32.ActiveCfg = Release|Win32
		{0C8DEF2C-F22D-4AD8-9D59-3147604C6B22}.WE-Debug|Win32.ActiveCfg = Debug-WE|Win32
		{0C8DEF2C-F22D-4AD8-9D59-3147604C6B22}.WE-Debug|Win32.Build.0 = Debug-WE|Win32
		{0C8DEF2C-F22D-4AD8-9D59-3147604C6B22}.WE-Release|Win32.ActiveCfg = Release-WE|Win32
		{0C8DEF2C-F22D-4AD8-9D59-3147604C6B22}.WE-Release|Win32.Build.0 = Release-WE|Win32
		{FE2F4549-76C4-4448-88D7-67D8CAF477D2}.CL-Debug|Win32.ActiveCfg = Debug|Win32
		{FE2F4549-76C4-4448-88D7-67D8CAF477D2}.CL-Debug|Win32.Build.0 = Debug|Win32
		{FE2F4549-76C4-4448-88D7-67D8CAF477D2}.CL-Distribute|Win32.ActiveCfg = Distribute|Win32
		{FE2F4549-76C4-4448-88D7-67D8CAF477D2}.CL-Distribute|Win32.Build.0 = Distribute|Win32
		{FE2F4549-76C4-4448-88D7-67D8CAF477D2}.CL-Release|Win32.ActiveCfg = Release|Win32
		{FE2F4549-76C4-4448-88D7-67D8CAF477D2}.CL-Release|Win32.Build.0 = Release|Win32
		{FE2F4549-76C4-4448-88D7-67D8CAF477D2}.DP-Debug|Win32.ActiveCfg = Release|Win32
		{FE2F4549-76C4-4448-88D7-67D8CAF477D2}.DP-Release|Win32.ActiveCfg = Release|Win32
		{FE2F4549-76C4-4448-88D7-67D8CAF477D2}.SV-Debug|Win32.ActiveCfg = Debug|Win32
		{FE2F4549-76C4-4448-88D7-67D8CAF477D2}.SV-Release|Win32.ActiveCfg = Release|Win32
		{FE2F4549-76C4-4448-88D7-67D8CAF477D2}.WE-Debug|Win32.ActiveCfg = Debug|Win32
		{FE2F4549-76C4-4448-88D7-67D8CAF477D2}.WE-Debug|Win32.Build.0 = Debug|Win32
		{FE2F4549-76C4-4448-88D7-67D8CAF477D2}.WE-Release|Win32.ActiveCfg = Release|Win32
		{FE2F4549-76C4-4448-88D7-67D8CAF477D2}.WE-Release|Win32.Build.0 = Release|Win32
		{A1ED61AC-6324-43B1-BC9B-548208D625CF}.CL-Debug|Win32.ActiveCfg = Debug|Win32
		{A1ED61AC-6324-43B1-BC9B-548208D625CF}.CL-Debug|Win32.Build.0 = Debug|Win32
		{A1ED61AC-6324-43B1-BC9B-548208D625CF}.CL-Distribute|Win32.ActiveCfg = Distribute|Win32
		{A1ED61AC-6324-43B1-BC9B-548208D625CF}.CL-Distribute|Win32.Build.0 = Distribute|Win32
		{A1ED61AC-6324-43B1-BC9B-548208D625CF}.CL-Release|Win32.ActiveCfg = Release|Win32
		{A1ED61AC-6324-43B1-BC9B-548208D625CF}.CL-Release|Win32.Build.0 = Release|Win32
		{A1ED61AC-6324-43B1-BC9B-548208D625CF}.DP-Debug|Win32.ActiveCfg = Release-WE|Win32
		{A1ED61AC-6324-43B1-BC9B-548208D625CF}.DP-Release|Win32.ActiveCfg = Release|Win32
		{A1ED61AC-6324-43B1-BC9B-548208D625CF}.SV-Debug|Win32.ActiveCfg = Debug|Win32
		{A1ED61AC-6324-43B1-BC9B-548208D625CF}.SV-Release|Win32.ActiveCfg = Release|Win32
		{A1ED61AC-6324-43B1-BC9B-548208D625CF}.WE-Debug|Win32.ActiveCfg = Debug-WE|Win32
		{A1ED61AC-6324-43B1-BC9B-548208D625CF}.WE-Debug|Win32.Build.0 = Debug-WE|Win32
		{A1ED61AC-6324-43B1-BC9B-548208D625CF}.WE-Release|Win32.ActiveCfg = Release-WE|Win32
		{A1ED61AC-6324-43B1-BC9B-548208D625CF}.WE-Release|Win32.Build.0 = Release-WE|Win32
		{2084D43E-5FEE-4540-8EC9-8B159AD9D765}.CL-Debug|Win32.ActiveCfg = Debug|Win32
		{2084D43E-5FEE-4540-8EC9-8B159AD9D765}.CL-Debug|Win32.Build.0 = Debug|Win32
		{2084D43E-5FEE-4540-8EC9-8B159AD9D765}.CL-Distribute|Win32.ActiveCfg = Distribute|Win32
		{2084D43E-5FEE-4540-8EC9-8B159AD9D765}.CL-Distribute|Win32.Build.0 = Distribute|Win32
		{2084D43E-5FEE-4540-8EC9-8B159AD9D765}.CL-Release|Win32.ActiveCfg = Release|Win32
		{2084D43E-5FEE-4540-8EC9-8B159AD9D765}.CL-Release|Win32.Build.0 = Release|Win32
		{2084D43E-5FEE-4540-8EC9-8B159AD9D765}.DP-Debug|Win32.ActiveCfg = Release|Win32
		{2084D43E-5FEE-4540-8EC9-8B159AD9D765}.DP-Release|Win32.ActiveCfg = Release|Win32
		{2084D43E-5FEE-4540-8EC9-8B159AD9D765}.SV-Debug|Win32.ActiveCfg = Debug|Win32
		{2084D43E-5FEE-4540-8EC9-8B159AD9D765}.SV-Release|Win32.ActiveCfg = Release|Win32
		{2084D43E-5FEE-4540-8EC9-8B159AD9D765}.WE-Debug|Win32.ActiveCfg = Debug|Win32
		{2084D43E-5FEE-4540-8EC9-8B159AD9D765}.WE-Debug|Win32.Build.0 = Debug|Win32
		{2084D43E-5FEE-4540-8EC9-8B159AD9D765}.WE-Release|Win32.ActiveCfg = Release|Win32
		{2084D43E-5FEE-4540-8EC9-8B159AD9D765}.WE-Release|Win32.Build.0 = Release|Win32
		{602EF21F-918B-4678-85AE-44CCF1561DB8}.CL-Debug|Win32.ActiveCfg = Debug|Win32
		{602EF21F-918B-4678-85AE-44CCF1561DB8}.CL-Debug|Win32.Build.0 = Debug|Win32
		{602EF21F-918B-4678-85AE-44CCF1561DB8}.CL-Distribute|Win32.ActiveCfg = Distribute|Win32
		{602EF21F-918B-4678-85AE-44CCF1561DB8}.CL-Distribute|Win32.Build.0 = Distribute|Win32
		{602EF21F-918B-4678-85AE-44CCF1561DB8}.CL-Release|Win32.ActiveCfg = Release|Win32
		{602EF21F-918B-4678-85AE-44CCF1561DB8}.CL-Release|Win32.Build.0 = Release|Win32
		{602EF21F-918B-4678-85AE-44CCF1561DB8}.DP-Debug|Win32.ActiveCfg = Release|Win32
		{602EF21F-918B-4678-85AE-44CCF1561DB8}.DP-Release|Win32.ActiveCfg = Release|Win32
		{602EF21F-918B-4678-85AE-44CCF1561DB8}.SV-Debug|Win32.ActiveCfg = Debug|Win32
		{602EF21F-918B-4678-85AE-44CCF1561DB8}.SV-Release|Win32.ActiveCfg = Release|Win32
		{602EF21F-918B-4678-85AE-44CCF1561DB8}.WE-Debug|Win32.ActiveCfg = Debug|Win32
		{602EF21F-918B-4678-85AE-44CCF1561DB8}.WE-Debug|Win32.Build.0 = Debug|Win32
		{602EF21F-918B-4678-85AE-44CCF1561DB8}.WE-Release|Win32.ActiveCfg = Release|Win32
		{602EF21F-918B-4678-85AE-44CCF1561DB8}.WE-Release|Win32.Build.0 = Release|Win32
		{B1F24BAE-61E8-41E9-B2BB-A6905E5D64FD}.CL-Debug|Win32.ActiveCfg = Debug|Win32
		{B1F24BAE-61E8-41E9-B2BB-A6905E5D64FD}.CL-Debug|Win32.Build.0 = Debug|Win32
		{B1F24BAE-61E8-41E9-B2BB-A6905E5D64FD}.CL-Distribute|Win32.ActiveCfg = Distribute|Win32
		{B1F24BAE-61E8-41E9-B2BB-A6905E5D64FD}.CL-Distribute|Win32.Build.0 = Distribute|Win32
		{B1F24BAE-61E8-41E9-B2BB-A6905E5D64FD}.CL-Release|Win32.ActiveCfg = Release|Win32
		{B1F24BAE-61E8-41E9-B2BB-A6905E5D64FD}.CL-Release|Win32.Build.0 = Release|Win32
		{B1F24BAE-61E8-41E9-B2BB-A6905E5D64FD}.DP-Debug|Win32.ActiveCfg = Release|Win32
		{B1F24BAE-61E8-41E9-B2BB-A6905E5D64FD}.DP-Release|Win32.ActiveCfg = Release|Win32
		{B1F24BAE-61E8-41E9-B2BB-A6905E5D64FD}.SV-Debug|Win32.ActiveCfg = Debug|Win32
		{B1F24BAE-61E8-41E9-B2BB-A6905E5D64FD}.SV-Release|Win32.ActiveCfg = Release|Win32
		{B1F24BAE-61E8-41E9-B2BB-A6905E5D64FD}.WE-Debug|Win32.ActiveCfg = Debug|Win32
		{B1F24BAE-61E8-41E9-B2BB-A6905E5D64FD}.WE-Debug|Win32.Build.0 = Debug|Win32
		{B1F24BAE-61E8-41E9-B2BB-A6905E5D64FD}.WE-Release|Win32.ActiveCfg = Release|Win32
		{B1F24BAE-61E8-41E9-B2BB-A6905E5D64FD}.WE-Release|Win32.Build.0 = Release|Win32
		{E0DC3917-08C3-4F15-A7E7-6CB395EC83F0}.CL-Debug|Win32.ActiveCfg = Debug|Win32
		{E0DC3917-08C3-4F15-A7E7-6CB395EC83F0}.CL-Debug|Win32.Build.0 = Debug|Win32
		{E0DC3917-08C3-4F15-A7E7-6CB395EC83F0}.CL-Distribute|Win32.ActiveCfg = Distribute|Win32
		{E0DC3917-08C3-4F15-A7E7-6CB395EC83F0}.CL-Distribute|Win32.Build.0 = Distribute|Win32
		{E0DC3917-08C3-4F15-A7E7-6CB395EC83F0}.CL-Release|Win32.ActiveCfg = Release|Win32
		{E0DC3917-08C3-4F15-A7E7-6CB395EC83F0}.CL-Release|Win32.Build.0 = Release|Win32
		{E0DC3917-08C3-4F15-A7E7-6CB395EC83F0}.DP-Debug|Win32.ActiveCfg = Release|Win32
		{E0DC3917-08C3-4F15-A7E7-6CB395EC83F0}.DP-Release|Win32.ActiveCfg = Release|Win32
		{E0DC3917-08C3-4F15-A7E7-6CB395EC83F0}.SV-Debug|Win32.ActiveCfg = Debug|Win32
		{E0DC3917-08C3-4F15-A7E7-6CB395EC83F0}.SV-Release|Win32.ActiveCfg = Release|Win32
		{E0DC3917-08C3-4F15-A7E7-6CB395EC83F0}.WE-Debug|Win32.ActiveCfg = Debug|Win32
		{E0DC3917-08C3-4F15-A7E7-6CB395EC83F0}.WE-Release|Win32.ActiveCfg = Release|Win32
		{034F4297-9DF7-47E8-83C3-89DF19A09E4A}.CL-Debug|Win32.ActiveCfg = Debug|Win32
		{034F4297-9DF7-47E8-83C3-89DF19A09E4A}.CL-Debug|Win32.Build.0 = Debug|Win32
		{034F4297-9DF7-47E8-83C3-89DF19A09E4A}.CL-Distribute|Win32.ActiveCfg = Distribute|Win32
		{034F4297-9DF7-47E8-83C3-89DF19A09E4A}.CL-Distribute|Win32.Build.0 = Distribute|Win32
		{034F4297-9DF7-47E8-83C3-89DF19A09E4A}.CL-Release|Win32.ActiveCfg = Release|Win32
		{034F4297-9DF7-47E8-83C3-89DF19A09E4A}.CL-Release|Win32.Build.0 = Release|Win32
		{034F4297-9DF7-47E8-83C3-89DF19A09E4A}.DP-Debug|Win32.ActiveCfg = Release|Win32
		{034F4297-9DF7-47E8-83C3-89DF19A09E4A}.DP-Release|Win32.ActiveCfg = Release|Win32
		{034F4297-9DF7-47E8-83C3-89DF19A09E4A}.SV-Debug|Win32.ActiveCfg = Debug|Win32
		{034F4297-9DF7-47E8-83C3-89DF19A09E4A}.SV-Release|Win32.ActiveCfg = Release|Win32
		{034F4297-9DF7-47E8-83C3-89DF19A09E4A}.WE-Debug|Win32.ActiveCfg = Debug|Win32
		{034F4297-9DF7-47E8-83C3-89DF19A09E4A}.WE-Release|Win32.ActiveCfg = Release|Win32
		{B7867A3F-5825-4490-8E41-D7586EF505E1}.CL-Debug|Win32.ActiveCfg = Debug|Win32
		{B7867A3F-5825-4490-8E41-D7586EF505E1}.CL-Distribute|Win32.ActiveCfg = Distribute|Win32
		{B7867A3F-5825-4490-8E41-D7586EF505E1}.CL-Release|Win32.ActiveCfg = Distribute|Win32
		{B7867A3F-5825-4490-8E41-D7586EF505E1}.DP-Debug|Win32.ActiveCfg = Debug|Win32
		{B7867A3F-5825-4490-8E41-D7586EF505E1}.DP-Release|Win32.ActiveCfg = Distribute|Win32
		{B7867A3F-5825-4490-8E41-D7586EF505E1}.SV-Debug|Win32.ActiveCfg = Debug|Win32
		{B7867A3F-5825-4490-8E41-D7586EF505E1}.SV-Release|Win32.ActiveCfg = Distribute|Win32
		{B7867A3F-5825-4490-8E41-D7586EF505E1}.WE-Debug|Win32.ActiveCfg = Debug|Win32
		{B7867A3F-5825-4490-8E41-D7586EF505E1}.WE-Release|Win32.ActiveCfg = Distribute|Win32
		{C99B72F9-E6B7-4445-A3DC-43B95C0D2AF2}.CL-Debug|Win32.ActiveCfg = Debug|Win32
		{C99B72F9-E6B7-4445-A3DC-43B95C0D2AF2}.CL-Distribute|Win32.ActiveCfg = Release|Win32
		{C99B72F9-E6B7-4445-A3DC-43B95C0D2AF2}.CL-Release|Win32.ActiveCfg = Release|Win32
		{C99B72F9-E6B7-4445-A3DC-43B95C0D2AF2}.DP-Debug|Win32.ActiveCfg = Release|Win32
		{C99B72F9-E6B7-4445-A3DC-43B95C0D2AF2}.DP-Release|Win32.ActiveCfg = Release|Win32
		{C99B72F9-E6B7-4445-A3DC-43B95C0D2AF2}.SV-Debug|Win32.ActiveCfg = Debug|Win32
		{C99B72F9-E6B7-4445-A3DC-43B95C0D2AF2}.SV-Release|Win32.ActiveCfg = Release|Win32
		{C99B72F9-E6B7-4445-A3DC-43B95C0D2AF2}.WE-Debug|Win32.ActiveCfg = Debug|Win32
		{C99B72F9-E6B7-4445-A3DC-43B95C0D2AF2}.WE-Debug|Win32.Build.0 = Debug|Win32
		{C99B72F9-E6B7-4445-A3DC-43B95C0D2AF2}.WE-Release|Win32.ActiveCfg = Release|Win32
		{C99B72F9-E6B7-4445-A3DC-43B95C0D2AF2}.WE-Release|Win32.Build.0 = Release|Win32
		{2AB4A5A4-3EAA-4486-B93C-38E8D39BF218}.CL-Debug|Win32.ActiveCfg = Release|Win32
		{2AB4A5A4-3EAA-4486-B93C-38E8D39BF218}.CL-Distribute|Win32.ActiveCfg = Debug|Win32
		{2AB4A5A4-3EAA-4486-B93C-38E8D39BF218}.CL-Release|Win32.ActiveCfg = Release|Win32
		{2AB4A5A4-3EAA-4486-B93C-38E8D39BF218}.DP-Debug|Win32.ActiveCfg = Release|Win32
		{2AB4A5A4-3EAA-4486-B93C-38E8D39BF218}.DP-Release|Win32.ActiveCfg = Release|Win32
		{2AB4A5A4-3EAA-4486-B93C-38E8D39BF218}.SV-Debug|Win32.ActiveCfg = Debug|Win32
		{2AB4A5A4-3EAA-4486-B93C-38E8D39BF218}.SV-Debug|Win32.Build.0 = Debug|Win32
		{2AB4A5A4-3EAA-4486-B93C-38E8D39BF218}.SV-Release|Win32.ActiveCfg = Release|Win32
		{2AB4A5A4-3EAA-4486-B93C-38E8D39BF218}.SV-Release|Win32.Build.0 = Release|Win32
		{2AB4A5A4-3EAA-4486-B93C-38E8D39BF218}.WE-Debug|Win32.ActiveCfg = Debug|Win32
		{2AB4A5A4-3EAA-4486-B93C-38E8D39BF218}.WE-Release|Win32.ActiveCfg = Release|Win32
		{EC666345-5F4E-4A4E-8C66-C7A6326F8235}.CL-Debug|Win32.ActiveCfg = Release|Win32
		{EC666345-5F4E-4A4E-8C66-C7A6326F8235}.CL-Distribute|Win32.ActiveCfg = Debug|Win32
		{EC666345-5F4E-4A4E-8C66-C7A6326F8235}.CL-Release|Win32.ActiveCfg = Release|Win32
		{EC666345-5F4E-4A4E-8C66-C7A6326F8235}.DP-Debug|Win32.ActiveCfg = Release|Win32
		{EC666345-5F4E-4A4E-8C66-C7A6326F8235}.DP-Release|Win32.ActiveCfg = Release|Win32
		{EC666345-5F4E-4A4E-8C66-C7A6326F8235}.SV-Debug|Win32.ActiveCfg = Debug|Win32
		{EC666345-5F4E-4A4E-8C66-C7A6326F8235}.SV-Debug|Win32.Build.0 = Debug|Win32
		{EC666345-5F4E-4A4E-8C66-C7A6326F8235}.SV-Release|Win32.ActiveCfg = Release|Win32
		{EC666345-5F4E-4A4E-8C66-C7A6326F8235}.SV-Release|Win32.Build.0 = Release|Win32
		{EC666345-5F4E-4A4E-8C66-C7A6326F8235}.WE-Debug|Win32.ActiveCfg = Debug|Win32
		{EC666345-5F4E-4A4E-8C66-C7A6326F8235}.WE-Release|Win32.ActiveCfg = Release|Win32
		{BD8E86DD-07BA-49B0-BF04-3282DA8377EB}.CL-Debug|Win32.ActiveCfg = Release|Win32
		{BD8E86DD-07BA-49B0-BF04-3282DA8377EB}.CL-Distribute|Win32.ActiveCfg = Debug|Win32
		{BD8E86DD-07BA-49B0-BF04-3282DA8377EB}.CL-Release|Win32.ActiveCfg = Release|Win32
		{BD8E86DD-07BA-49B0-BF04-3282DA8377EB}.DP-Debug|Win32.ActiveCfg = Release|Win32
		{BD8E86DD-07BA-49B0-BF04-3282DA8377EB}.DP-Release|Win32.ActiveCfg = Release|Win32
		{BD8E86DD-07BA-49B0-BF04-3282DA8377EB}.SV-Debug|Win32.ActiveCfg = Debug|Win32
		{BD8E86DD-07BA-49B0-BF04-3282DA8377EB}.SV-Debug|Win32.Build.0 = Debug|Win32
		{BD8E86DD-07BA-49B0-BF04-3282DA8377EB}.SV-Release|Win32.ActiveCfg = Release|Win32
		{BD8E86DD-07BA-49B0-BF04-3282DA8377EB}.SV-Release|Win32.Build.0 = Release|Win32
		{BD8E86DD-07BA-49B0-BF04-3282DA8377EB}.WE-Debug|Win32.ActiveCfg = Debug|Win32
		{BD8E86DD-07BA-49B0-BF04-3282DA8377EB}.WE-Release|Win32.ActiveCfg = Release|Win32
		{3967853D-4E19-4548-AC3A-F6012B78E384}.CL-Debug|Win32.ActiveCfg = Release|Win32
		{3967853D-4E19-4548-AC3A-F6012B78E384}.CL-Distribute|Win32.ActiveCfg = Debug|Win32
		{3967853D-4E19-4548-AC3A-F6012B78E384}.CL-Release|Win32.ActiveCfg = Release|Win32
		{3967853D-4E19-4548-AC3A-F6012B78E384}.DP-Debug|Win32.ActiveCfg = Release|Win32
		{3967853D-4E19-4548-AC3A-F6012B78E384}.DP-Release|Win32.ActiveCfg = Release|Win32
		{3967853D-4E19-4548-AC3A-F6012B78E384}.SV-Debug|Win32.ActiveCfg = Debug|Win32
		{3967853D-4E19-4548-AC3A-F6012B78E384}.SV-Debug|Win32.Build.0 = Debug|Win32
		{3967853D-4E19-4548-AC3A-F6012B78E384}.SV-Release|Win32.ActiveCfg = Release|Win32
		{3967853D-4E19-4548-AC3A-F6012B78E384}.SV-Release|Win32.Build.0 = Release|Win32
		{3967853D-4E19-4548-AC3A-F6012B78E384}.WE-Debug|Win32.ActiveCfg = Debug|Win32
		{3967853D-4E19-4548-AC3A-F6012B78E384}.WE-Release|Win32.ActiveCfg = Release|Win32
		{5C8620C9-5D1F-419D-8267-48D2863C3D13}.CL-Debug|Win32.ActiveCfg = Release|Win32
		{5C8620C9-5D1F-419D-8267-48D2863C3D13}.CL-Distribute|Win32.ActiveCfg = Debug|Win32
		{5C8620C9-5D1F-419D-8267-48D2863C3D13}.CL-Release|Win32.ActiveCfg = Release|Win32
		{5C8620C9-5D1F-419D-8267-48D2863C3D13}.DP-Debug|Win32.ActiveCfg = Release|Win32
		{5C8620C9-5D1F-419D-8267-48D2863C3D13}.DP-Release|Win32.ActiveCfg = Release|Win32
		{5C8620C9-5D1F-419D-8267-48D2863C3D13}.SV-Debug|Win32.ActiveCfg = Debug|Win32
		{5C8620C9-5D1F-419D-8267-48D2863C3D13}.SV-Debug|Win32.Build.0 = Debug|Win32
		{5C8620C9-5D1F-419D-8267-48D2863C3D13}.SV-Release|Win32.ActiveCfg = Release|Win32
		{5C8620C9-5D1F-419D-8267-48D2863C3D13}.SV-Release|Win32.Build.0 = Release|Win32
		{5C8620C9-5D1F-419D-8267-48D2863C3D13}.WE-Debug|Win32.ActiveCfg = Debug|Win32
		{5C8620C9-5D1F-419D-8267-48D2863C3D13}.WE-Release|Win32.ActiveCfg = Release|Win32
		{ADC2E26A-C39B-4817-A24C-A99827B74EB2}.CL-Debug|Win32.ActiveCfg = Release|Win32
		{ADC2E26A-C39B-4817-A24C-A99827B74EB2}.CL-Distribute|Win32.ActiveCfg = Debug|Win32
		{ADC2E26A-C39B-4817-A24C-A99827B74EB2}.CL-Release|Win32.ActiveCfg = Release|Win32
		{ADC2E26A-C39B-4817-A24C-A99827B74EB2}.DP-Debug|Win32.ActiveCfg = Release|Win32
		{ADC2E26A-C39B-4817-A24C-A99827B74EB2}.DP-Release|Win32.ActiveCfg = Release|Win32
		{ADC2E26A-C39B-4817-A24C-A99827B74EB2}.SV-Debug|Win32.ActiveCfg = Debug|Win32
		{ADC2E26A-C39B-4817-A24C-A99827B74EB2}.SV-Debug|Win32.Build.0 = Debug|Win32
		{ADC2E26A-C39B-4817-A24C-A99827B74EB2}.SV-Release|Win32.ActiveCfg = Release|Win32
		{ADC2E26A-C39B-4817-A24C-A99827B74EB2}.SV-Release|Win32.Build.0 = Release|Win32
		{ADC2E26A-C39B-4817-A24C-A99827B74EB2}.WE-Debug|Win32.ActiveCfg = Debug|Win32
		{ADC2E26A-C39B-4817-A24C-A99827B74EB2}.WE-Release|Win32.ActiveCfg = Release|Win32
		{146DE22F-4DD4-4E6F-B2FD-98AE163BEBBA}.CL-Debug|Win32.ActiveCfg = Release|Win32
		{146DE22F-4DD4-4E6F-B2FD-98AE163BEBBA}.CL-Distribute|Win32.ActiveCfg = Debug|Win32
		{146DE22F-4DD4-4E6F-B2FD-98AE163BEBBA}.CL-Release|Win32.ActiveCfg = Release|Win32
		{146DE22F-4DD4-4E6F-B2FD-98AE163BEBBA}.DP-Debug|Win32.ActiveCfg = Release|Win32
		{146DE22F-4DD4-4E6F-B2FD-98AE163BEBBA}.DP-Release|Win32.ActiveCfg = Release|Win32
		{146DE22F-4DD4-4E6F-B2FD-98AE163BEBBA}.SV-Debug|Win32.ActiveCfg = Debug|Win32
		{146DE22F-4DD4-4E6F-B2FD-98AE163BEBBA}.SV-Debug|Win32.Build.0 = Debug|Win32
		{146DE22F-4DD4-4E6F-B2FD-98AE163BEBBA}.SV-Release|Win32.ActiveCfg = Release|Win32
		{146DE22F-4DD4-4E6F-B2FD-98AE163BEBBA}.SV-Release|Win32.Build.0 = Release|Win32
		{146DE22F-4DD4-4E6F-B2FD-98AE163BEBBA}.WE-Debug|Win32.ActiveCfg = Debug|Win32
		{146DE22F-4DD4-4E6F-B2FD-98AE163BEBBA}.WE-Release|Win32.ActiveCfg = Release|Win32
		{3783243F-5E36-4B96-9A13-7BFF00F15B34}.CL-Debug|Win32.ActiveCfg = Release|Win32
		{3783243F-5E36-4B96-9A13-7BFF00F15B34}.CL-Distribute|Win32.ActiveCfg = Debug|Win32
		{3783243F-5E36-4B96-9A13-7BFF00F15B34}.CL-Release|Win32.ActiveCfg = Release|Win32
		{3783243F-5E36-4B96-9A13-7BFF00F15B34}.DP-Debug|Win32.ActiveCfg = Release|Win32
		{3783243F-5E36-4B96-9A13-7BFF00F15B34}.DP-Release|Win32.ActiveCfg = Release|Win32
		{3783243F-5E36-4B96-9A13-7BFF00F15B34}.SV-Debug|Win32.ActiveCfg = Debug|Win32
		{3783243F-5E36-4B96-9A13-7BFF00F15B34}.SV-Debug|Win32.Build.0 = Debug|Win32
		{3783243F-5E36-4B96-9A13-7BFF00F15B34}.SV-Release|Win32.ActiveCfg = Release|Win32
		{3783243F-5E36-4B96-9A13-7BFF00F15B34}.SV-Release|Win32.Build.0 = Release|Win32
		{3783243F-5E36-4B96-9A13-7BFF00F15B34}.WE-Debug|Win32.ActiveCfg = Debug|Win32
		{3783243F-5E36-4B96-9A13-7BFF00F15B34}.WE-Release|Win32.ActiveCfg = Release|Win32
		{DBCC99BC-1D68-4271-AC99-62EBBE37890F}.CL-Debug|Win32.ActiveCfg = Release|Win32
		{DBCC99BC-1D68-4271-AC99-62EBBE37890F}.CL-Distribute|Win32.ActiveCfg = Debug|Win32
		{DBCC99BC-1D68-4271-AC99-62EBBE37890F}.CL-Release|Win32.ActiveCfg = Release|Win32
		{DBCC99BC-1D68-4271-AC99-62EBBE37890F}.DP-Debug|Win32.ActiveCfg = Debug|Win32
		{DBCC99BC-1D68-4271-AC99-62EBBE37890F}.DP-Debug|Win32.Build.0 = Debug|Win32
		{DBCC99BC-1D68-4271-AC99-62EBBE37890F}.DP-Release|Win32.ActiveCfg = Release|Win32
		{DBCC99BC-1D68-4271-AC99-62EBBE37890F}.DP-Release|Win32.Build.0 = Release|Win32
		{DBCC99BC-1D68-4271-AC99-62EBBE37890F}.SV-Debug|Win32.ActiveCfg = Debug|Win32
		{DBCC99BC-1D68-4271-AC99-62EBBE37890F}.SV-Release|Win32.ActiveCfg = Release|Win32
		{DBCC99BC-1D68-4271-AC99-62EBBE37890F}.WE-Debug|Win32.ActiveCfg = Debug|Win32
		{DBCC99BC-1D68-4271-AC99-62EBBE37890F}.WE-Release|Win32.ActiveCfg = Release|Win32
	EndGlobalSection
	GlobalSection(SolutionProperties) = preSolution
		HideSolutionNode = FALSE
	EndGlobalSection
	GlobalSection(NestedProjects) = preSolution
		{2E953487-E73A-4C43-A9B6-174AB7B9A7E2} = {D2C8CD1C-2AA1-4E8C-8795-48191762E1CD}
		{7F1EC9EC-35DA-4332-A339-B68E3C95976F} = {D2C8CD1C-2AA1-4E8C-8795-48191762E1CD}
		{D8C71073-CDC3-4AB1-A84A-5829F28BFF56} = {D2C8CD1C-2AA1-4E8C-8795-48191762E1CD}
		{935F7B65-3574-41C4-B4F9-1C2EC950463A} = {D2C8CD1C-2AA1-4E8C-8795-48191762E1CD}
		{3AA4BFA3-DF0E-42B9-A82C-E1BE16139AF3} = {D2C8CD1C-2AA1-4E8C-8795-48191762E1CD}
		{634437B1-4B3B-48C5-9220-619FB4D8F99B} = {D2C8CD1C-2AA1-4E8C-8795-48191762E1CD}
		{08E76C01-D25C-4684-911C-876A33F27CE1} = {D2C8CD1C-2AA1-4E8C-8795-48191762E1CD}
		{EEAB8CB2-0891-4579-905E-B37A5F04F1D1} = {D2C8CD1C-2AA1-4E8C-8795-48191762E1CD}
		{396764A4-9226-4F33-930F-E577A3BF51D4} = {D2C8CD1C-2AA1-4E8C-8795-48191762E1CD}
		{0C8DEF2C-F22D-4AD8-9D59-3147604C6B22} = {D2C8CD1C-2AA1-4E8C-8795-48191762E1CD}
		{FE2F4549-76C4-4448-88D7-67D8CAF477D2} = {D2C8CD1C-2AA1-4E8C-8795-48191762E1CD}
		{A1ED61AC-6324-43B1-BC9B-548208D625CF} = {D2C8CD1C-2AA1-4E8C-8795-48191762E1CD}
		{2084D43E-5FEE-4540-8EC9-8B159AD9D765} = {D2C8CD1C-2AA1-4E8C-8795-48191762E1CD}
		{602EF21F-918B-4678-85AE-44CCF1561DB8} = {D2C8CD1C-2AA1-4E8C-8795-48191762E1CD}
		{B1F24BAE-61E8-41E9-B2BB-A6905E5D64FD} = {D2C8CD1C-2AA1-4E8C-8795-48191762E1CD}
		{E0DC3917-08C3-4F15-A7E7-6CB395EC83F0} = {198C767A-A295-409E-994F-EFAD839B1697}
		{034F4297-9DF7-47E8-83C3-89DF19A09E4A} = {D2C8CD1C-2AA1-4E8C-8795-48191762E1CD}
		{B7867A3F-5825-4490-8E41-D7586EF505E1} = {198C767A-A295-409E-994F-EFAD839B1697}
		{C99B72F9-E6B7-4445-A3DC-43B95C0D2AF2} = {198C767A-A295-409E-994F-EFAD839B1697}
		{198C767A-A295-409E-994F-EFAD839B1697} = {6E9CA981-BD7C-43EB-A05B-8F3AD92578E6}
		{282249C3-7A5C-47E1-95C0-37B2385EDBD2} = {C22AA98B-8E21-4A26-880F-019BD22A85FD}
		{2AB4A5A4-3EAA-4486-B93C-38E8D39BF218} = {282249C3-7A5C-47E1-95C0-37B2385EDBD2}
		{EC666345-5F4E-4A4E-8C66-C7A6326F8235} = {282249C3-7A5C-47E1-95C0-37B2385EDBD2}
		{BD8E86DD-07BA-49B0-BF04-3282DA8377EB} = {282249C3-7A5C-47E1-95C0-37B2385EDBD2}
		{3967853D-4E19-4548-AC3A-F6012B78E384} = {282249C3-7A5C-47E1-95C0-37B2385EDBD2}
		{5C8620C9-5D1F-419D-8267-48D2863C3D13} = {282249C3-7A5C-47E1-95C0-37B2385EDBD2}
		{8508E84D-8166-4C99-B5BE-7C6A9E5B8B85} = {C22AA98B-8E21-4A26-880F-019BD22A85FD}
		{ADC2E26A-C39B-4817-A24C-A99827B74EB2} = {8508E84D-8166-4C99-B5BE-7C6A9E5B8B85}
		{146DE22F-4DD4-4E6F-B2FD-98AE163BEBBA} = {8508E84D-8166-4C99-B5BE-7C6A9E5B8B85}
		{D2C8CD1C-2AA1-4E8C-8795-48191762E1CD} = {6E9CA981-BD7C-43EB-A05B-8F3AD92578E6}
		{104EE757-D015-43B3-A556-1D0155D60DA9} = {C22AA98B-8E21-4A26-880F-019BD22A85FD}
		{3783243F-5E36-4B96-9A13-7BFF00F15B34} = {104EE757-D015-43B3-A556-1D0155D60DA9}
		{DBCC99BC-1D68-4271-AC99-62EBBE37890F} = {BC3A27A2-3632-47C5-A47C-E07FD9F92F62}
		{BC3A27A2-3632-47C5-A47C-E07FD9F92F62} = {1F928AEE-3936-46E5-9D6A-12263FE2CD91}
		{0973B98F-1AA5-4B93-BB7D-B87BAE902E4A} = {C22AA98B-8E21-4A26-880F-019BD22A85FD}
		{7B656DF8-0282-4E39-9A34-EE1BB8E6A181} = {C22AA98B-8E21-4A26-880F-019BD22A85FD}
	EndGlobalSection
	GlobalSection(ExtensibilityGlobals) = postSolution
		SolutionGuid = {F46A540A-7868-41C7-AA54-AC5713509850}
	EndGlobalSection
EndGlobal
